
Microsoft Visual Studio Solution File, Format Version 12.00
# Visual Studio Version 16
VisualStudioVersion = 16.0.30717.126
MinimumVisualStudioVersion = 10.0.40219.1
Project("{FAE04EC0-301F-11D3-BF4B-00C04F79EFBC}") = "consolita", "consolita.csproj", "{9D21C3ED-0711-4096-A908-C19BA8416573}"
EndProject
Global
	GlobalSection(SolutionConfigurationPlatforms) = preSolution
		Debug|Any CPU = Debug|Any CPU
		Release|Any CPU = Release|Any CPU
	EndGlobalSection
	GlobalSection(ProjectConfigurationPlatforms) = postSolution
		{9D21C3ED-0711-4096-A908-C19BA8416573}.Debug|Any CPU.ActiveCfg = Debug|Any CPU
		{9D21C3ED-0711-4096-A908-C19BA8416573}.Debug|Any CPU.Build.0 = Debug|Any CPU
		{9D21C3ED-0711-4096-A908-C19BA8416573}.Release|Any CPU.ActiveCfg = Release|Any CPU
		{9D21C3ED-0711-4096-A908-C19BA8416573}.Release|Any CPU.Build.0 = Release|Any CPU
	EndGlobalSection
	GlobalSection(SolutionProperties) = preSolution
		HideSolutionNode = FALSE
	EndGlobalSection
	GlobalSection(ExtensibilityGlobals) = postSolution
		SolutionGuid = {84B89E0F-889F-4A0C-A893-67403E560567}
	EndGlobalSection
EndGlobal
