
Microsoft Visual Studio Solution File, Format Version 12.00
# Visual Studio Version 16
VisualStudioVersion = 16.0.30204.135
MinimumVisualStudioVersion = 10.0.40219.1
Project("{FAE04EC0-301F-11D3-BF4B-00C04F79EFBC}") = "generar numero aleatorio", "generar numero aleatorio\generar numero aleatorio.csproj", "{68C2EFF8-BB4D-448E-A831-E2D92536505D}"
EndProject
Global
	GlobalSection(SolutionConfigurationPlatforms) = preSolution
		Debug|Any CPU = Debug|Any CPU
		Release|Any CPU = Release|Any CPU
	EndGlobalSection
	GlobalSection(ProjectConfigurationPlatforms) = postSolution
		{68C2EFF8-BB4D-448E-A831-E2D92536505D}.Debug|Any CPU.ActiveCfg = Debug|Any CPU
		{68C2EFF8-BB4D-448E-A831-E2D92536505D}.Debug|Any CPU.Build.0 = Debug|Any CPU
		{68C2EFF8-BB4D-448E-A831-E2D92536505D}.Release|Any CPU.ActiveCfg = Release|Any CPU
		{68C2EFF8-BB4D-448E-A831-E2D92536505D}.Release|Any CPU.Build.0 = Release|Any CPU
	EndGlobalSection
	GlobalSection(SolutionProperties) = preSolution
		HideSolutionNode = FALSE
	EndGlobalSection
	GlobalSection(ExtensibilityGlobals) = postSolution
		SolutionGuid = {1FFBA04C-6E29-40CC-968A-C9C4FBB800C2}
	EndGlobalSection
EndGlobal
