
Microsoft Visual Studio Solution File, Format Version 12.00
# Visual Studio Version 16
VisualStudioVersion = 16.0.30204.135
MinimumVisualStudioVersion = 10.0.40219.1
Project("{FAE04EC0-301F-11D3-BF4B-00C04F79EFBC}") = "Switch y metodos", "Switch y metodos\Switch y metodos.csproj", "{28C5E89B-6D0F-47D3-8731-9444C7FE50BE}"
EndProject
Global
	GlobalSection(SolutionConfigurationPlatforms) = preSolution
		Debug|Any CPU = Debug|Any CPU
		Release|Any CPU = Release|Any CPU
	EndGlobalSection
	GlobalSection(ProjectConfigurationPlatforms) = postSolution
		{28C5E89B-6D0F-47D3-8731-9444C7FE50BE}.Debug|Any CPU.ActiveCfg = Debug|Any CPU
		{28C5E89B-6D0F-47D3-8731-9444C7FE50BE}.Debug|Any CPU.Build.0 = Debug|Any CPU
		{28C5E89B-6D0F-47D3-8731-9444C7FE50BE}.Release|Any CPU.ActiveCfg = Release|Any CPU
		{28C5E89B-6D0F-47D3-8731-9444C7FE50BE}.Release|Any CPU.Build.0 = Release|Any CPU
	EndGlobalSection
	GlobalSection(SolutionProperties) = preSolution
		HideSolutionNode = FALSE
	EndGlobalSection
	GlobalSection(ExtensibilityGlobals) = postSolution
		SolutionGuid = {A99A2136-2679-4221-AC92-A54FD630599E}
	EndGlobalSection
EndGlobal
